
Microsoft Visual Studio Solution File, Format Version 12.00
# Visual Studio Version 16
VisualStudioVersion = 16.0.31205.134
MinimumVisualStudioVersion = 10.0.40219.1
Project("{FAE04EC0-301F-11D3-BF4B-00C04F79EFBC}") = "UyeForm", "UyeForm\UyeForm.csproj", "{765729CB-D966-4B6E-8D2F-7886DA8202C6}"
EndProject
Global
	GlobalSection(SolutionConfigurationPlatforms) = preSolution
		Debug|Any CPU = Debug|Any CPU
		Release|Any CPU = Release|Any CPU
	EndGlobalSection
	GlobalSection(ProjectConfigurationPlatforms) = postSolution
		{765729CB-D966-4B6E-8D2F-7886DA8202C6}.Debug|Any CPU.ActiveCfg = Debug|Any CPU
		{765729CB-D966-4B6E-8D2F-7886DA8202C6}.Debug|Any CPU.Build.0 = Debug|Any CPU
		{765729CB-D966-4B6E-8D2F-7886DA8202C6}.Release|Any CPU.ActiveCfg = Release|Any CPU
		{765729CB-D966-4B6E-8D2F-7886DA8202C6}.Release|Any CPU.Build.0 = Release|Any CPU
	EndGlobalSection
	GlobalSection(SolutionProperties) = preSolution
		HideSolutionNode = FALSE
	EndGlobalSection
	GlobalSection(ExtensibilityGlobals) = postSolution
		SolutionGuid = {C03F042A-4F21-4713-B9B4-302F8B502F2B}
	EndGlobalSection
EndGlobal
